{
    "version": 3,
    "terraform_version": "0.11.2",
    "serial": 3,
    "lineage": "a5393988-6bce-4102-9785-629ba654faac",
    "modules": [
        {
            "path": [
                "root"
            ],
            "outputs": {},
            "resources": {
                "azurerm_resource_group.B1CDemo": {
                    "type": "azurerm_resource_group",
                    "depends_on": [],
                    "primary": {
                        "id": "/subscriptions/3c07d540-2fe6-4f38-9cc2-46e58e17c384/resourceGroups/SBOC",
                        "attributes": {
                            "id": "/subscriptions/3c07d540-2fe6-4f38-9cc2-46e58e17c384/resourceGroups/SBOC",
                            "location": "westus",
                            "name": "SBOC",
                            "tags.%": "0"
                        },
                        "meta": {},
                        "tainted": false
                    },
                    "deposed": [],
                    "provider": "provider.azurerm"
                },
                "azurerm_resource_group.rg": {
                    "type": "azurerm_resource_group",
                    "depends_on": [],
                    "primary": {
                        "id": "/subscriptions/3c07d540-2fe6-4f38-9cc2-46e58e17c384/resourceGroups/testResourceGroup",
                        "attributes": {
                            "id": "/subscriptions/3c07d540-2fe6-4f38-9cc2-46e58e17c384/resourceGroups/testResourceGroup",
                            "location": "westus",
                            "name": "testResourceGroup",
                            "tags.%": "0"
                        },
                        "meta": {},
                        "tainted": false
                    },
                    "deposed": [],
                    "provider": "provider.azurerm"
                },
                "azurerm_virtual_network.B1CDemo": {
                    "type": "azurerm_virtual_network",
                    "depends_on": [
                        "azurerm_resource_group.B1CDemo"
                    ],
                    "primary": {
                        "id": "/subscriptions/3c07d540-2fe6-4f38-9cc2-46e58e17c384/resourceGroups/SBOC/providers/Microsoft.Network/virtualNetworks/B1CDemo-Network",
                        "attributes": {
                            "address_space.#": "1",
                            "address_space.0": "10.0.0.0/16",
                            "dns_servers.#": "0",
                            "id": "/subscriptions/3c07d540-2fe6-4f38-9cc2-46e58e17c384/resourceGroups/SBOC/providers/Microsoft.Network/virtualNetworks/B1CDemo-Network",
                            "location": "westus",
                            "name": "B1CDemo-Network",
                            "resource_group_name": "SBOC",
                            "subnet.#": "3",
                            "subnet.1157189800.address_prefix": "10.0.2.0/26",
                            "subnet.1157189800.name": "B1CDemo.subnet2",
                            "subnet.1157189800.security_group": "",
                            "subnet.3052663030.address_prefix": "10.0.1.0/26",
                            "subnet.3052663030.name": "B1CDemo.subnet1",
                            "subnet.3052663030.security_group": "",
                            "subnet.335597410.address_prefix": "10.0.3.0/26",
                            "subnet.335597410.name": "B1CDemo.subnet3",
                            "subnet.335597410.security_group": "",
                            "tags.%": "0"
                        },
                        "meta": {},
                        "tainted": false
                    },
                    "deposed": [],
                    "provider": "provider.azurerm"
                }
            },
            "depends_on": []
        }
    ]
}
